
Microsoft Visual Studio Solution File, Format Version 12.00
# Visual Studio Version 17
VisualStudioVersion = 17.0.32126.317
MinimumVisualStudioVersion = 10.0.40219.1
Project("{9A19103F-16F7-4668-BE54-9A1E7A4F7556}") = "Array_task_26", "Array_task_26.csproj", "{B95C2476-0BD9-4D1B-A7B7-EBF053144DCC}"
EndProject
Global
	GlobalSection(SolutionConfigurationPlatforms) = preSolution
		Debug|Any CPU = Debug|Any CPU
		Release|Any CPU = Release|Any CPU
	EndGlobalSection
	GlobalSection(ProjectConfigurationPlatforms) = postSolution
		{B95C2476-0BD9-4D1B-A7B7-EBF053144DCC}.Debug|Any CPU.ActiveCfg = Debug|Any CPU
		{B95C2476-0BD9-4D1B-A7B7-EBF053144DCC}.Debug|Any CPU.Build.0 = Debug|Any CPU
		{B95C2476-0BD9-4D1B-A7B7-EBF053144DCC}.Release|Any CPU.ActiveCfg = Release|Any CPU
		{B95C2476-0BD9-4D1B-A7B7-EBF053144DCC}.Release|Any CPU.Build.0 = Release|Any CPU
	EndGlobalSection
	GlobalSection(SolutionProperties) = preSolution
		HideSolutionNode = FALSE
	EndGlobalSection
	GlobalSection(ExtensibilityGlobals) = postSolution
		SolutionGuid = {3CBF3489-16C6-4058-A304-07632417E58D}
	EndGlobalSection
EndGlobal
