
Microsoft Visual Studio Solution File, Format Version 12.00
# Visual Studio Version 17
VisualStudioVersion = 17.0.32126.317
MinimumVisualStudioVersion = 10.0.40219.1
Project("{FAE04EC0-301F-11D3-BF4B-00C04F79EFBC}") = "task-27", "task-27.csproj", "{A576B02C-79C1-4007-A07D-D126AE9B9547}"
EndProject
Global
	GlobalSection(SolutionConfigurationPlatforms) = preSolution
		Debug|Any CPU = Debug|Any CPU
		Release|Any CPU = Release|Any CPU
	EndGlobalSection
	GlobalSection(ProjectConfigurationPlatforms) = postSolution
		{A576B02C-79C1-4007-A07D-D126AE9B9547}.Debug|Any CPU.ActiveCfg = Debug|Any CPU
		{A576B02C-79C1-4007-A07D-D126AE9B9547}.Debug|Any CPU.Build.0 = Debug|Any CPU
		{A576B02C-79C1-4007-A07D-D126AE9B9547}.Release|Any CPU.ActiveCfg = Release|Any CPU
		{A576B02C-79C1-4007-A07D-D126AE9B9547}.Release|Any CPU.Build.0 = Release|Any CPU
	EndGlobalSection
	GlobalSection(SolutionProperties) = preSolution
		HideSolutionNode = FALSE
	EndGlobalSection
	GlobalSection(ExtensibilityGlobals) = postSolution
		SolutionGuid = {9481DD0F-2E27-45B4-9E8C-8427426FE8F8}
	EndGlobalSection
EndGlobal
