
Microsoft Visual Studio Solution File, Format Version 12.00
# Visual Studio Version 17
VisualStudioVersion = 17.0.32126.317
MinimumVisualStudioVersion = 10.0.40219.1
Project("{FAE04EC0-301F-11D3-BF4B-00C04F79EFBC}") = "task 30", "task 30.csproj", "{4B2F8A1B-9D77-49EE-A3BA-EBF2DADD4CC5}"
EndProject
Global
	GlobalSection(SolutionConfigurationPlatforms) = preSolution
		Debug|Any CPU = Debug|Any CPU
		Release|Any CPU = Release|Any CPU
	EndGlobalSection
	GlobalSection(ProjectConfigurationPlatforms) = postSolution
		{4B2F8A1B-9D77-49EE-A3BA-EBF2DADD4CC5}.Debug|Any CPU.ActiveCfg = Debug|Any CPU
		{4B2F8A1B-9D77-49EE-A3BA-EBF2DADD4CC5}.Debug|Any CPU.Build.0 = Debug|Any CPU
		{4B2F8A1B-9D77-49EE-A3BA-EBF2DADD4CC5}.Release|Any CPU.ActiveCfg = Release|Any CPU
		{4B2F8A1B-9D77-49EE-A3BA-EBF2DADD4CC5}.Release|Any CPU.Build.0 = Release|Any CPU
	EndGlobalSection
	GlobalSection(SolutionProperties) = preSolution
		HideSolutionNode = FALSE
	EndGlobalSection
	GlobalSection(ExtensibilityGlobals) = postSolution
		SolutionGuid = {1E082564-C92C-4E17-B57D-4CD17BA66300}
	EndGlobalSection
EndGlobal
